{
  "name": "stepper",
  "version": "1.0.0",
  "lockfileVersion": 1,
  "requires": true,
  "dependencies": {
    "lodash": {
      "version": "4.17.15",
      "resolved": "https://registry.npmjs.org/lodash/-/lodash-4.17.15.tgz",
      "integrity": "sha512-8xOcRHvCjnocdS5cpwXQXVzmmh5e5+saE2QGoeQmbKmRS6J3VQppPOIt0MnmE+4xlZoumy0GPG0D0MVIQbNA1A=="
    },
    "nanotimer": {
      "version": "0.3.15",
      "resolved": "https://registry.npmjs.org/nanotimer/-/nanotimer-0.3.15.tgz",
      "integrity": "sha1-KA0nfbkUbspvilcLVyq68qmsx1Q="
    },
    "stepper-wiringpi": {
      "version": "0.0.2",
      "resolved": "https://registry.npmjs.org/stepper-wiringpi/-/stepper-wiringpi-0.0.2.tgz",
      "integrity": "sha1-bMlw2VQ3ospN9UxItHyLNZjXGOs=",
      "requires": {
        "wiring-pi": "^2.1.1"
      }
    },
    "wiring-pi": {
      "version": "2.2.1",
      "resolved": "https://registry.npmjs.org/wiring-pi/-/wiring-pi-2.2.1.tgz",
      "integrity": "sha1-z5FzH9AQv8hZSIkGTE8Ok3To3dQ="
    },
    "wiringpi-node": {
      "version": "2.4.4",
      "resolved": "https://registry.npmjs.org/wiringpi-node/-/wiringpi-node-2.4.4.tgz",
      "integrity": "sha1-IQ5us5G3247SdzdyntSTUByga4k="
    },
    "wpi-stepper": {
      "version": "0.1.5",
      "resolved": "https://registry.npmjs.org/wpi-stepper/-/wpi-stepper-0.1.5.tgz",
      "integrity": "sha512-fACzcKD1rjhy/YXGPb72yHlPKEdzULE2anC54VBORKeV9HiFs8vtzgflzL5CMjevrQlIdqSphLgYrSjrb3TJPA==",
      "requires": {
        "lodash": "^4.17.2",
        "nanotimer": "^0.3.14",
        "wiringpi-node": "^2.4.4"
      }
    }
  }
}
