# THIS IS AN AUTOGENERATED FILE. DO NOT EDIT THIS FILE DIRECTLY.
# yarn lockfile v1


lodash@^4.17.2:
  version "4.17.15"
  resolved "https://registry.yarnpkg.com/lodash/-/lodash-4.17.15.tgz#b447f6670a0455bbfeedd11392eff330ea097548"
  integrity sha512-8xOcRHvCjnocdS5cpwXQXVzmmh5e5+saE2QGoeQmbKmRS6J3VQppPOIt0MnmE+4xlZoumy0GPG0D0MVIQbNA1A==

nanotimer@^0.3.14:
  version "0.3.15"
  resolved "https://registry.yarnpkg.com/nanotimer/-/nanotimer-0.3.15.tgz#280d277db9146eca6f8a570b572abaf2a9acc754"
  integrity sha1-KA0nfbkUbspvilcLVyq68qmsx1Q=

wiringpi-node@^2.4.4:
  version "2.4.4"
  resolved "https://registry.yarnpkg.com/wiringpi-node/-/wiringpi-node-2.4.4.tgz#210e6eb391b7db8ed27737729ed493501ca06b89"
  integrity sha1-IQ5us5G3247SdzdyntSTUByga4k=

wpi-stepper@^0.1.5:
  version "0.1.5"
  resolved "https://registry.yarnpkg.com/wpi-stepper/-/wpi-stepper-0.1.5.tgz#6d3dfe4ae4156cd8ee2a3b39b9706cec506b875d"
  integrity sha512-fACzcKD1rjhy/YXGPb72yHlPKEdzULE2anC54VBORKeV9HiFs8vtzgflzL5CMjevrQlIdqSphLgYrSjrb3TJPA==
  dependencies:
    lodash "^4.17.2"
    nanotimer "^0.3.14"
    wiringpi-node "^2.4.4"
